
Microsoft Visual Studio Solution File, Format Version 12.00
# Visual Studio Version 16
VisualStudioVersion = 16.0.29503.13
MinimumVisualStudioVersion = 10.0.40219.1
Project("{FAE04EC0-301F-11D3-BF4B-00C04F79EFBC}") = "Client", "Client.csproj", "{E036F4ED-5C01-4549-832C-E0EF1ACA9E51}"
EndProject
Global
	GlobalSection(SolutionConfigurationPlatforms) = preSolution
		Debug|Any CPU = Debug|Any CPU
		Release|Any CPU = Release|Any CPU
	EndGlobalSection
	GlobalSection(ProjectConfigurationPlatforms) = postSolution
		{E036F4ED-5C01-4549-832C-E0EF1ACA9E51}.Debug|Any CPU.ActiveCfg = Debug|Any CPU
		{E036F4ED-5C01-4549-832C-E0EF1ACA9E51}.Debug|Any CPU.Build.0 = Debug|Any CPU
		{E036F4ED-5C01-4549-832C-E0EF1ACA9E51}.Release|Any CPU.ActiveCfg = Release|Any CPU
		{E036F4ED-5C01-4549-832C-E0EF1ACA9E51}.Release|Any CPU.Build.0 = Release|Any CPU
	EndGlobalSection
	GlobalSection(SolutionProperties) = preSolution
		HideSolutionNode = FALSE
	EndGlobalSection
	GlobalSection(ExtensibilityGlobals) = postSolution
		SolutionGuid = {0C27F9C7-F63E-42C8-953B-1BDAC63EFD37}
	EndGlobalSection
EndGlobal
